# THIS IS AN AUTOGENERATED FILE. DO NOT EDIT THIS FILE DIRECTLY.
# yarn lockfile v1


"@popperjs/core@^2.9.3":
  version "2.11.8"
  resolved "https://registry.yarnpkg.com/@popperjs/core/-/core-2.11.8.tgz#6b79032e760a0899cd4204710beede972a3a185f"
  integrity sha512-P1st0aksCrn9sGZhp8GMYwBnQsbvAWsZAX44oXNNvLHGqAOcoVxmjZiohstwQ7SqKnbR47akdNi+uleWD8+g6A==

flowbite@^2.3.0:
  version "2.3.0"
  resolved "https://registry.yarnpkg.com/flowbite/-/flowbite-2.3.0.tgz#0730e35d8b0d1dcdea26bb27d848bd9c0141cde1"
  integrity sha512-pm3JRo8OIJHGfFYWgaGpPv8E+UdWy0Z3gEAGufw+G/1dusaU/P1zoBLiQpf2/+bYAi+GBQtPVG86KYlV0W+AFQ==
  dependencies:
    "@popperjs/core" "^2.9.3"
    mini-svg-data-uri "^1.4.3"

mini-svg-data-uri@^1.4.3:
  version "1.4.4"
  resolved "https://registry.yarnpkg.com/mini-svg-data-uri/-/mini-svg-data-uri-1.4.4.tgz#8ab0aabcdf8c29ad5693ca595af19dd2ead09939"
  integrity sha512-r9deDe9p5FJUPZAk3A59wGH7Ii9YrjjWw0jmw/liSbHl2CHiyXj6FcDXDu2K3TjVAXqiJdaw3xxwlZZr9E6nHg==

swiper@^11.1.1:
  version "11.1.1"
  resolved "https://registry.yarnpkg.com/swiper/-/swiper-11.1.1.tgz#5efaa222d4a47a3ac75090cfc2fda6e53e564982"
  integrity sha512-jGmEA/fNz1lACIcY4/40ggm1Gcyv+EUivmgV/Jd2WFPsEJhbWXnRAwzZR8OPjkBLtDxmzcoYG/iiAMWfRs0YKQ==
